
Microsoft Visual Studio Solution File, Format Version 12.00
# Visual Studio Version 17
VisualStudioVersion = 17.3.32811.315
MinimumVisualStudioVersion = 10.0.40219.1
Project("{9A19103F-16F7-4668-BE54-9A1E7A4F7556}") = "MAGNASite", "MAGNASite\MAGNASite.csproj", "{68AAD5DC-E4E4-46C6-A448-DF4353FBD234}"
EndProject
Project("{9A19103F-16F7-4668-BE54-9A1E7A4F7556}") = "MAGNASite.Lib", "MAGNASite.Lib\MAGNASite.Lib.csproj", "{40D02E5E-F051-49AC-B133-DD9F53A4A3DC}"
EndProject
Project("{9A19103F-16F7-4668-BE54-9A1E7A4F7556}") = "MAGNASite.Test", "MAGNASite.Test\MAGNASite.Test.csproj", "{0BFFE268-8ED0-409F-B645-03E8519D35D1}"
EndProject
Project("{FAE04EC0-301F-11D3-BF4B-00C04F79EFBC}") = "MAGNASite.Test.AdHoc", "MAGNASite.Test.AdHoc\MAGNASite.Test.AdHoc.csproj", "{56144416-BFD2-4E0B-A09D-778E1A678243}"
EndProject
Global
	GlobalSection(SolutionConfigurationPlatforms) = preSolution
		Debug|Any CPU = Debug|Any CPU
		Release|Any CPU = Release|Any CPU
	EndGlobalSection
	GlobalSection(ProjectConfigurationPlatforms) = postSolution
		{68AAD5DC-E4E4-46C6-A448-DF4353FBD234}.Debug|Any CPU.ActiveCfg = Debug|Any CPU
		{68AAD5DC-E4E4-46C6-A448-DF4353FBD234}.Debug|Any CPU.Build.0 = Debug|Any CPU
		{68AAD5DC-E4E4-46C6-A448-DF4353FBD234}.Release|Any CPU.ActiveCfg = Release|Any CPU
		{68AAD5DC-E4E4-46C6-A448-DF4353FBD234}.Release|Any CPU.Build.0 = Release|Any CPU
		{40D02E5E-F051-49AC-B133-DD9F53A4A3DC}.Debug|Any CPU.ActiveCfg = Debug|Any CPU
		{40D02E5E-F051-49AC-B133-DD9F53A4A3DC}.Debug|Any CPU.Build.0 = Debug|Any CPU
		{40D02E5E-F051-49AC-B133-DD9F53A4A3DC}.Release|Any CPU.ActiveCfg = Release|Any CPU
		{40D02E5E-F051-49AC-B133-DD9F53A4A3DC}.Release|Any CPU.Build.0 = Release|Any CPU
		{0BFFE268-8ED0-409F-B645-03E8519D35D1}.Debug|Any CPU.ActiveCfg = Debug|Any CPU
		{0BFFE268-8ED0-409F-B645-03E8519D35D1}.Debug|Any CPU.Build.0 = Debug|Any CPU
		{0BFFE268-8ED0-409F-B645-03E8519D35D1}.Release|Any CPU.ActiveCfg = Release|Any CPU
		{0BFFE268-8ED0-409F-B645-03E8519D35D1}.Release|Any CPU.Build.0 = Release|Any CPU
		{56144416-BFD2-4E0B-A09D-778E1A678243}.Debug|Any CPU.ActiveCfg = Debug|Any CPU
		{56144416-BFD2-4E0B-A09D-778E1A678243}.Debug|Any CPU.Build.0 = Debug|Any CPU
		{56144416-BFD2-4E0B-A09D-778E1A678243}.Release|Any CPU.ActiveCfg = Release|Any CPU
		{56144416-BFD2-4E0B-A09D-778E1A678243}.Release|Any CPU.Build.0 = Release|Any CPU
	EndGlobalSection
	GlobalSection(SolutionProperties) = preSolution
		HideSolutionNode = FALSE
	EndGlobalSection
	GlobalSection(ExtensibilityGlobals) = postSolution
		SolutionGuid = {71CB599E-3802-4032-BD7E-3C79493AAF83}
	EndGlobalSection
EndGlobal
